// !$*UTF8*$!
{
	archiveVersion = 1;
	classes = {
	};
	objectVersion = 56;
	objects = {

/* Begin PBXBuildFile section */
		0C4CA7252BA0E94A0082F8E5 /* TemplateApp.swift in Sources */ = {isa = PBXBuildFile; fileRef = 0C4CA7242BA0E94A0082F8E5 /* TemplateApp.swift */; };
		0C4CA7292BA0E94B0082F8E5 /* Assets.xcassets in Resources */ = {isa = PBXBuildFile; fileRef = 0C4CA7282BA0E94B0082F8E5 /* Assets.xcassets */; };
		0C4CA72C2BA0E94B0082F8E5 /* Preview Assets.xcassets in Resources */ = {isa = PBXBuildFile; fileRef = 0C4CA72B2BA0E94B0082F8E5 /* Preview Assets.xcassets */; };
		0C4CA7362BA0E94B0082F8E5 /* TemplateAppTests.swift in Sources */ = {isa = PBXBuildFile; fileRef = 0C4CA7352BA0E94B0082F8E5 /* TemplateAppTests.swift */; };
		0C4CA7402BA0E94B0082F8E5 /* TemplateAppUITests.swift in Sources */ = {isa = PBXBuildFile; fileRef = 0C4CA73F2BA0E94B0082F8E5 /* TemplateAppUITests.swift */; };
		0C4CA7422BA0E94B0082F8E5 /* TemplateAppUITestsLaunchTests.swift in Sources */ = {isa = PBXBuildFile; fileRef = 0C4CA7412BA0E94B0082F8E5 /* TemplateAppUITestsLaunchTests.swift */; };
		0C4CA7522BA0E98C0082F8E5 /* AppService.swift in Sources */ = {isa = PBXBuildFile; fileRef = 0C4CA7512BA0E98C0082F8E5 /* AppService.swift */; };
		0C4CA7542BA0E9CA0082F8E5 /* LoginView.swift in Sources */ = {isa = PBXBuildFile; fileRef = 0C4CA7532BA0E9CA0082F8E5 /* LoginView.swift */; };
		0C4CA7562BA0E9E00082F8E5 /* LoginVM.swift in Sources */ = {isa = PBXBuildFile; fileRef = 0C4CA7552BA0E9E00082F8E5 /* LoginVM.swift */; };
		0C4CA7582BA0EA0E0082F8E5 /* KeychainManager.swift in Sources */ = {isa = PBXBuildFile; fileRef = 0C4CA7572BA0EA0E0082F8E5 /* KeychainManager.swift */; };
		0C4CA75A2BA0EA310082F8E5 /* UserService.swift in Sources */ = {isa = PBXBuildFile; fileRef = 0C4CA7592BA0EA310082F8E5 /* UserService.swift */; };
		0C4CA75C2BA0EB4E0082F8E5 /* UserModel.swift in Sources */ = {isa = PBXBuildFile; fileRef = 0C4CA75B2BA0EB4E0082F8E5 /* UserModel.swift */; };
		0C4CA75E2BA0EB5E0082F8E5 /* StateModel.swift in Sources */ = {isa = PBXBuildFile; fileRef = 0C4CA75D2BA0EB5E0082F8E5 /* StateModel.swift */; };
		0C4CA7602BA0EB6C0082F8E5 /* PatientModel.swift in Sources */ = {isa = PBXBuildFile; fileRef = 0C4CA75F2BA0EB6C0082F8E5 /* PatientModel.swift */; };
		0C4CA7622BA0EC6A0082F8E5 /* LoggedOutHeader.swift in Sources */ = {isa = PBXBuildFile; fileRef = 0C4CA7612BA0EC6A0082F8E5 /* LoggedOutHeader.swift */; };
		0C4CA7642BA0ECF10082F8E5 /* RegisterView.swift in Sources */ = {isa = PBXBuildFile; fileRef = 0C4CA7632BA0ECF10082F8E5 /* RegisterView.swift */; };
		0C4CA7662BA0ED160082F8E5 /* RegisterVM.swift in Sources */ = {isa = PBXBuildFile; fileRef = 0C4CA7652BA0ED160082F8E5 /* RegisterVM.swift */; };
		0C4CA7682BA0ED3A0082F8E5 /* HomeView.swift in Sources */ = {isa = PBXBuildFile; fileRef = 0C4CA7672BA0ED3A0082F8E5 /* HomeView.swift */; };
		0C4CA76A2BA0ED6B0082F8E5 /* HomeVM.swift in Sources */ = {isa = PBXBuildFile; fileRef = 0C4CA7692BA0ED6B0082F8E5 /* HomeVM.swift */; };
		0C4CA76C2BA0EF420082F8E5 /* ProfileView.swift in Sources */ = {isa = PBXBuildFile; fileRef = 0C4CA76B2BA0EF420082F8E5 /* ProfileView.swift */; };
		0C4CA76E2BA0EF530082F8E5 /* ProfileVM.swift in Sources */ = {isa = PBXBuildFile; fileRef = 0C4CA76D2BA0EF530082F8E5 /* ProfileVM.swift */; };
		0C4CA7702BA0EF770082F8E5 /* PageHeading.swift in Sources */ = {isa = PBXBuildFile; fileRef = 0C4CA76F2BA0EF770082F8E5 /* PageHeading.swift */; };
		0C4CA7722BA0EF9A0082F8E5 /* PatientView.swift in Sources */ = {isa = PBXBuildFile; fileRef = 0C4CA7712BA0EF9A0082F8E5 /* PatientView.swift */; };
		0C4CA7742BA0EFA10082F8E5 /* ProviderView.swift in Sources */ = {isa = PBXBuildFile; fileRef = 0C4CA7732BA0EFA10082F8E5 /* ProviderView.swift */; };
		0C4CA7762BA0F0250082F8E5 /* PatientVM.swift in Sources */ = {isa = PBXBuildFile; fileRef = 0C4CA7752BA0F0250082F8E5 /* PatientVM.swift */; };
		0C4CA7782BA0F0450082F8E5 /* WideCustomRow.swift in Sources */ = {isa = PBXBuildFile; fileRef = 0C4CA7772BA0F0450082F8E5 /* WideCustomRow.swift */; };
		0C4CA77A2BA0F0720082F8E5 /* EditPatientView.swift in Sources */ = {isa = PBXBuildFile; fileRef = 0C4CA7792BA0F0720082F8E5 /* EditPatientView.swift */; };
		0C4CA77C2BA0F0890082F8E5 /* EditPatientVM.swift in Sources */ = {isa = PBXBuildFile; fileRef = 0C4CA77B2BA0F0890082F8E5 /* EditPatientVM.swift */; };
		0C4CA77E2BA0F1800082F8E5 /* ProviderVM.swift in Sources */ = {isa = PBXBuildFile; fileRef = 0C4CA77D2BA0F1800082F8E5 /* ProviderVM.swift */; };
		0C4CA7802BA0F1C40082F8E5 /* EditCareCenterView.swift in Sources */ = {isa = PBXBuildFile; fileRef = 0C4CA77F2BA0F1C40082F8E5 /* EditCareCenterView.swift */; };
		0C4CA7822BA0F1CF0082F8E5 /* EditProviderView.swift in Sources */ = {isa = PBXBuildFile; fileRef = 0C4CA7812BA0F1CF0082F8E5 /* EditProviderView.swift */; };
		0C4CA7842BA0F1FF0082F8E5 /* EditCareCenterVM.swift in Sources */ = {isa = PBXBuildFile; fileRef = 0C4CA7832BA0F1FF0082F8E5 /* EditCareCenterVM.swift */; };
		0C4CA7862BA0F2140082F8E5 /* EditProviderVM.swift in Sources */ = {isa = PBXBuildFile; fileRef = 0C4CA7852BA0F2140082F8E5 /* EditProviderVM.swift */; };
		0C4CA7882BA0F3920082F8E5 /* EOBView.swift in Sources */ = {isa = PBXBuildFile; fileRef = 0C4CA7872BA0F3920082F8E5 /* EOBView.swift */; };
		0C4CA78A2BA0F3A30082F8E5 /* CardView.swift in Sources */ = {isa = PBXBuildFile; fileRef = 0C4CA7892BA0F3A30082F8E5 /* CardView.swift */; };
		0C4CA78C2BA0F3AF0082F8E5 /* TransactionView.swift in Sources */ = {isa = PBXBuildFile; fileRef = 0C4CA78B2BA0F3AF0082F8E5 /* TransactionView.swift */; };
		0C4CA78E2BA0F3BB0082F8E5 /* CommunicationsView.swift in Sources */ = {isa = PBXBuildFile; fileRef = 0C4CA78D2BA0F3BB0082F8E5 /* CommunicationsView.swift */; };
		0C4CA7902BA0F4730082F8E5 /* TransactionTable.swift in Sources */ = {isa = PBXBuildFile; fileRef = 0C4CA78F2BA0F4730082F8E5 /* TransactionTable.swift */; };
		0C4CA7922BA0F48C0082F8E5 /* TransactionDetailsView.swift in Sources */ = {isa = PBXBuildFile; fileRef = 0C4CA7912BA0F48C0082F8E5 /* TransactionDetailsView.swift */; };
		0C4CA7942BA0F5080082F8E5 /* CommunicationsTable.swift in Sources */ = {isa = PBXBuildFile; fileRef = 0C4CA7932BA0F5080082F8E5 /* CommunicationsTable.swift */; };
		0C4CA7962BA0F6060082F8E5 /* CommunicationsDetailView.swift in Sources */ = {isa = PBXBuildFile; fileRef = 0C4CA7952BA0F6060082F8E5 /* CommunicationsDetailView.swift */; };
		0C4CA7982BA0F66A0082F8E5 /* CardVM.swift in Sources */ = {isa = PBXBuildFile; fileRef = 0C4CA7972BA0F66A0082F8E5 /* CardVM.swift */; };
		0C4CA79A2BA0F69F0082F8E5 /* AddPassView.swift in Sources */ = {isa = PBXBuildFile; fileRef = 0C4CA7992BA0F69F0082F8E5 /* AddPassView.swift */; };
		6A2E03B22BA4C56800E26AB0 /* TransactionVM.swift in Sources */ = {isa = PBXBuildFile; fileRef = 6A2E03B12BA4C56800E26AB0 /* TransactionVM.swift */; };
		6A2E03B42BA4C5C400E26AB0 /* CommunicationsVM.swift in Sources */ = {isa = PBXBuildFile; fileRef = 6A2E03B32BA4C5C400E26AB0 /* CommunicationsVM.swift */; };
		6A2E03B62BA4C81D00E26AB0 /* EOBService.swift in Sources */ = {isa = PBXBuildFile; fileRef = 6A2E03B52BA4C81D00E26AB0 /* EOBService.swift */; };
		6A2E03B82BA4C85300E26AB0 /* EOBModel.swift in Sources */ = {isa = PBXBuildFile; fileRef = 6A2E03B72BA4C85300E26AB0 /* EOBModel.swift */; };
		6A2E03BA2BA4C90800E26AB0 /* EOBVM.swift in Sources */ = {isa = PBXBuildFile; fileRef = 6A2E03B92BA4C90800E26AB0 /* EOBVM.swift */; };
		6A2E03BC2BA4CB7D00E26AB0 /* CommunicationModel.swift in Sources */ = {isa = PBXBuildFile; fileRef = 6A2E03BB2BA4CB7D00E26AB0 /* CommunicationModel.swift */; };
		6A2E03BE2BA4CC0000E26AB0 /* TransactionModel.swift in Sources */ = {isa = PBXBuildFile; fileRef = 6A2E03BD2BA4CC0000E26AB0 /* TransactionModel.swift */; };
		6A38D5162BA48345004852D0 /* ProviderModel.swift in Sources */ = {isa = PBXBuildFile; fileRef = 6A38D5152BA48345004852D0 /* ProviderModel.swift */; };
		6A38D5182BA48350004852D0 /* CareCenterModel.swift in Sources */ = {isa = PBXBuildFile; fileRef = 6A38D5172BA48350004852D0 /* CareCenterModel.swift */; };
		6A38D51A2BA48392004852D0 /* AddressModel.swift in Sources */ = {isa = PBXBuildFile; fileRef = 6A38D5192BA48392004852D0 /* AddressModel.swift */; };
		6A38D51C2BA485DE004852D0 /* CommunicationsService.swift in Sources */ = {isa = PBXBuildFile; fileRef = 6A38D51B2BA485DE004852D0 /* CommunicationsService.swift */; };
		6A38D51E2BA485ED004852D0 /* TransactionsService.swift in Sources */ = {isa = PBXBuildFile; fileRef = 6A38D51D2BA485ED004852D0 /* TransactionsService.swift */; };
		6A40103D2BAB2A0000F8B8BA /* PassModel.swift in Sources */ = {isa = PBXBuildFile; fileRef = 6A40103C2BAB2A0000F8B8BA /* PassModel.swift */; };
		6A74A4E72BAA314F00FA33BD /* EOBUploadView.swift in Sources */ = {isa = PBXBuildFile; fileRef = 6A74A4E62BAA314F00FA33BD /* EOBUploadView.swift */; };
		6AAABA842BA206A000B5553F /* ImagePicker.swift in Sources */ = {isa = PBXBuildFile; fileRef = 6AAABA832BA206A000B5553F /* ImagePicker.swift */; };
		6AAABA8C2BA2281300B5553F /* EOBTableView.swift in Sources */ = {isa = PBXBuildFile; fileRef = 6AAABA8B2BA2281300B5553F /* EOBTableView.swift */; };
		6ACF896C2BAB29A300A079AC /* PassService.swift in Sources */ = {isa = PBXBuildFile; fileRef = 6ACF896B2BAB29A300A079AC /* PassService.swift */; };
		6AEEBE5D2BA743A70054ECDA /* UploadImageView.swift in Sources */ = {isa = PBXBuildFile; fileRef = 6AEEBE5C2BA743A70054ECDA /* UploadImageView.swift */; };
/* End PBXBuildFile section */

/* Begin PBXContainerItemProxy section */
		0C4CA7322BA0E94B0082F8E5 /* PBXContainerItemProxy */ = {
			isa = PBXContainerItemProxy;
			containerPortal = 0C4CA7192BA0E94A0082F8E5 /* Project object */;
			proxyType = 1;
			remoteGlobalIDString = 0C4CA7202BA0E94A0082F8E5;
			remoteInfo = TemplateApp;
		};
		0C4CA73C2BA0E94B0082F8E5 /* PBXContainerItemProxy */ = {
			isa = PBXContainerItemProxy;
			containerPortal = 0C4CA7192BA0E94A0082F8E5 /* Project object */;
			proxyType = 1;
			remoteGlobalIDString = 0C4CA7202BA0E94A0082F8E5;
			remoteInfo = TemplateApp;
		};
/* End PBXContainerItemProxy section */

/* Begin PBXFileReference section */
		0C4CA7212BA0E94A0082F8E5 /* TemplateApp.app */ = {isa = PBXFileReference; explicitFileType = wrapper.application; includeInIndex = 0; path = TemplateApp.app; sourceTree = BUILT_PRODUCTS_DIR; };
		0C4CA7242BA0E94A0082F8E5 /* TemplateApp.swift */ = {isa = PBXFileReference; lastKnownFileType = sourcecode.swift; path = TemplateApp.swift; sourceTree = "<group>"; };
		0C4CA7282BA0E94B0082F8E5 /* Assets.xcassets */ = {isa = PBXFileReference; lastKnownFileType = folder.assetcatalog; path = Assets.xcassets; sourceTree = "<group>"; };
		0C4CA72B2BA0E94B0082F8E5 /* Preview Assets.xcassets */ = {isa = PBXFileReference; lastKnownFileType = folder.assetcatalog; path = "Preview Assets.xcassets"; sourceTree = "<group>"; };
		0C4CA7312BA0E94B0082F8E5 /* TemplateAppTests.xctest */ = {isa = PBXFileReference; explicitFileType = wrapper.cfbundle; includeInIndex = 0; path = TemplateAppTests.xctest; sourceTree = BUILT_PRODUCTS_DIR; };
		0C4CA7352BA0E94B0082F8E5 /* TemplateAppTests.swift */ = {isa = PBXFileReference; lastKnownFileType = sourcecode.swift; path = TemplateAppTests.swift; sourceTree = "<group>"; };
		0C4CA73B2BA0E94B0082F8E5 /* TemplateAppUITests.xctest */ = {isa = PBXFileReference; explicitFileType = wrapper.cfbundle; includeInIndex = 0; path = TemplateAppUITests.xctest; sourceTree = BUILT_PRODUCTS_DIR; };
		0C4CA73F2BA0E94B0082F8E5 /* TemplateAppUITests.swift */ = {isa = PBXFileReference; lastKnownFileType = sourcecode.swift; path = TemplateAppUITests.swift; sourceTree = "<group>"; };
		0C4CA7412BA0E94B0082F8E5 /* TemplateAppUITestsLaunchTests.swift */ = {isa = PBXFileReference; lastKnownFileType = sourcecode.swift; path = TemplateAppUITestsLaunchTests.swift; sourceTree = "<group>"; };
		0C4CA7512BA0E98C0082F8E5 /* AppService.swift */ = {isa = PBXFileReference; lastKnownFileType = sourcecode.swift; path = AppService.swift; sourceTree = "<group>"; };
		0C4CA7532BA0E9CA0082F8E5 /* LoginView.swift */ = {isa = PBXFileReference; lastKnownFileType = sourcecode.swift; path = LoginView.swift; sourceTree = "<group>"; };
		0C4CA7552BA0E9E00082F8E5 /* LoginVM.swift */ = {isa = PBXFileReference; lastKnownFileType = sourcecode.swift; path = LoginVM.swift; sourceTree = "<group>"; };
		0C4CA7572BA0EA0E0082F8E5 /* KeychainManager.swift */ = {isa = PBXFileReference; lastKnownFileType = sourcecode.swift; path = KeychainManager.swift; sourceTree = "<group>"; };
		0C4CA7592BA0EA310082F8E5 /* UserService.swift */ = {isa = PBXFileReference; lastKnownFileType = sourcecode.swift; path = UserService.swift; sourceTree = "<group>"; };
		0C4CA75B2BA0EB4E0082F8E5 /* UserModel.swift */ = {isa = PBXFileReference; lastKnownFileType = sourcecode.swift; path = UserModel.swift; sourceTree = "<group>"; };
		0C4CA75D2BA0EB5E0082F8E5 /* StateModel.swift */ = {isa = PBXFileReference; lastKnownFileType = sourcecode.swift; path = StateModel.swift; sourceTree = "<group>"; };
		0C4CA75F2BA0EB6C0082F8E5 /* PatientModel.swift */ = {isa = PBXFileReference; lastKnownFileType = sourcecode.swift; path = PatientModel.swift; sourceTree = "<group>"; };
		0C4CA7612BA0EC6A0082F8E5 /* LoggedOutHeader.swift */ = {isa = PBXFileReference; lastKnownFileType = sourcecode.swift; path = LoggedOutHeader.swift; sourceTree = "<group>"; };
		0C4CA7632BA0ECF10082F8E5 /* RegisterView.swift */ = {isa = PBXFileReference; lastKnownFileType = sourcecode.swift; path = RegisterView.swift; sourceTree = "<group>"; };
		0C4CA7652BA0ED160082F8E5 /* RegisterVM.swift */ = {isa = PBXFileReference; lastKnownFileType = sourcecode.swift; path = RegisterVM.swift; sourceTree = "<group>"; };
		0C4CA7672BA0ED3A0082F8E5 /* HomeView.swift */ = {isa = PBXFileReference; lastKnownFileType = sourcecode.swift; path = HomeView.swift; sourceTree = "<group>"; };
		0C4CA7692BA0ED6B0082F8E5 /* HomeVM.swift */ = {isa = PBXFileReference; lastKnownFileType = sourcecode.swift; path = HomeVM.swift; sourceTree = "<group>"; };
		0C4CA76B2BA0EF420082F8E5 /* ProfileView.swift */ = {isa = PBXFileReference; lastKnownFileType = sourcecode.swift; path = ProfileView.swift; sourceTree = "<group>"; };
		0C4CA76D2BA0EF530082F8E5 /* ProfileVM.swift */ = {isa = PBXFileReference; lastKnownFileType = sourcecode.swift; path = ProfileVM.swift; sourceTree = "<group>"; };
		0C4CA76F2BA0EF770082F8E5 /* PageHeading.swift */ = {isa = PBXFileReference; lastKnownFileType = sourcecode.swift; path = PageHeading.swift; sourceTree = "<group>"; };
		0C4CA7712BA0EF9A0082F8E5 /* PatientView.swift */ = {isa = PBXFileReference; lastKnownFileType = sourcecode.swift; path = PatientView.swift; sourceTree = "<group>"; };
		0C4CA7732BA0EFA10082F8E5 /* ProviderView.swift */ = {isa = PBXFileReference; lastKnownFileType = sourcecode.swift; path = ProviderView.swift; sourceTree = "<group>"; };
		0C4CA7752BA0F0250082F8E5 /* PatientVM.swift */ = {isa = PBXFileReference; lastKnownFileType = sourcecode.swift; path = PatientVM.swift; sourceTree = "<group>"; };
		0C4CA7772BA0F0450082F8E5 /* WideCustomRow.swift */ = {isa = PBXFileReference; lastKnownFileType = sourcecode.swift; path = WideCustomRow.swift; sourceTree = "<group>"; };
		0C4CA7792BA0F0720082F8E5 /* EditPatientView.swift */ = {isa = PBXFileReference; lastKnownFileType = sourcecode.swift; path = EditPatientView.swift; sourceTree = "<group>"; };
		0C4CA77B2BA0F0890082F8E5 /* EditPatientVM.swift */ = {isa = PBXFileReference; lastKnownFileType = sourcecode.swift; path = EditPatientVM.swift; sourceTree = "<group>"; };
		0C4CA77D2BA0F1800082F8E5 /* ProviderVM.swift */ = {isa = PBXFileReference; lastKnownFileType = sourcecode.swift; path = ProviderVM.swift; sourceTree = "<group>"; };
		0C4CA77F2BA0F1C40082F8E5 /* EditCareCenterView.swift */ = {isa = PBXFileReference; lastKnownFileType = sourcecode.swift; path = EditCareCenterView.swift; sourceTree = "<group>"; };
		0C4CA7812BA0F1CF0082F8E5 /* EditProviderView.swift */ = {isa = PBXFileReference; lastKnownFileType = sourcecode.swift; path = EditProviderView.swift; sourceTree = "<group>"; };
		0C4CA7832BA0F1FF0082F8E5 /* EditCareCenterVM.swift */ = {isa = PBXFileReference; lastKnownFileType = sourcecode.swift; path = EditCareCenterVM.swift; sourceTree = "<group>"; };
		0C4CA7852BA0F2140082F8E5 /* EditProviderVM.swift */ = {isa = PBXFileReference; lastKnownFileType = sourcecode.swift; path = EditProviderVM.swift; sourceTree = "<group>"; };
		0C4CA7872BA0F3920082F8E5 /* EOBView.swift */ = {isa = PBXFileReference; lastKnownFileType = sourcecode.swift; path = EOBView.swift; sourceTree = "<group>"; };
		0C4CA7892BA0F3A30082F8E5 /* CardView.swift */ = {isa = PBXFileReference; lastKnownFileType = sourcecode.swift; path = CardView.swift; sourceTree = "<group>"; };
		0C4CA78B2BA0F3AF0082F8E5 /* TransactionView.swift */ = {isa = PBXFileReference; lastKnownFileType = sourcecode.swift; path = TransactionView.swift; sourceTree = "<group>"; };
		0C4CA78D2BA0F3BB0082F8E5 /* CommunicationsView.swift */ = {isa = PBXFileReference; lastKnownFileType = sourcecode.swift; path = CommunicationsView.swift; sourceTree = "<group>"; };
		0C4CA78F2BA0F4730082F8E5 /* TransactionTable.swift */ = {isa = PBXFileReference; lastKnownFileType = sourcecode.swift; path = TransactionTable.swift; sourceTree = "<group>"; };
		0C4CA7912BA0F48C0082F8E5 /* TransactionDetailsView.swift */ = {isa = PBXFileReference; lastKnownFileType = sourcecode.swift; path = TransactionDetailsView.swift; sourceTree = "<group>"; };
		0C4CA7932BA0F5080082F8E5 /* CommunicationsTable.swift */ = {isa = PBXFileReference; lastKnownFileType = sourcecode.swift; path = CommunicationsTable.swift; sourceTree = "<group>"; };
		0C4CA7952BA0F6060082F8E5 /* CommunicationsDetailView.swift */ = {isa = PBXFileReference; lastKnownFileType = sourcecode.swift; path = CommunicationsDetailView.swift; sourceTree = "<group>"; };
		0C4CA7972BA0F66A0082F8E5 /* CardVM.swift */ = {isa = PBXFileReference; lastKnownFileType = sourcecode.swift; path = CardVM.swift; sourceTree = "<group>"; };
		0C4CA7992BA0F69F0082F8E5 /* AddPassView.swift */ = {isa = PBXFileReference; lastKnownFileType = sourcecode.swift; path = AddPassView.swift; sourceTree = "<group>"; };
		0C7B5A452BA1FB3300DA790C /* Info.plist */ = {isa = PBXFileReference; lastKnownFileType = text.plist; path = Info.plist; sourceTree = "<group>"; };
		6A2E03B12BA4C56800E26AB0 /* TransactionVM.swift */ = {isa = PBXFileReference; lastKnownFileType = sourcecode.swift; path = TransactionVM.swift; sourceTree = "<group>"; };
		6A2E03B32BA4C5C400E26AB0 /* CommunicationsVM.swift */ = {isa = PBXFileReference; lastKnownFileType = sourcecode.swift; path = CommunicationsVM.swift; sourceTree = "<group>"; };
		6A2E03B52BA4C81D00E26AB0 /* EOBService.swift */ = {isa = PBXFileReference; lastKnownFileType = sourcecode.swift; path = EOBService.swift; sourceTree = "<group>"; };
		6A2E03B72BA4C85300E26AB0 /* EOBModel.swift */ = {isa = PBXFileReference; lastKnownFileType = sourcecode.swift; path = EOBModel.swift; sourceTree = "<group>"; };
		6A2E03B92BA4C90800E26AB0 /* EOBVM.swift */ = {isa = PBXFileReference; lastKnownFileType = sourcecode.swift; path = EOBVM.swift; sourceTree = "<group>"; };
		6A2E03BB2BA4CB7D00E26AB0 /* CommunicationModel.swift */ = {isa = PBXFileReference; lastKnownFileType = sourcecode.swift; path = CommunicationModel.swift; sourceTree = "<group>"; };
		6A2E03BD2BA4CC0000E26AB0 /* TransactionModel.swift */ = {isa = PBXFileReference; lastKnownFileType = sourcecode.swift; path = TransactionModel.swift; sourceTree = "<group>"; };
		6A38D5152BA48345004852D0 /* ProviderModel.swift */ = {isa = PBXFileReference; lastKnownFileType = sourcecode.swift; path = ProviderModel.swift; sourceTree = "<group>"; };
		6A38D5172BA48350004852D0 /* CareCenterModel.swift */ = {isa = PBXFileReference; lastKnownFileType = sourcecode.swift; path = CareCenterModel.swift; sourceTree = "<group>"; };
		6A38D5192BA48392004852D0 /* AddressModel.swift */ = {isa = PBXFileReference; lastKnownFileType = sourcecode.swift; path = AddressModel.swift; sourceTree = "<group>"; };
		6A38D51B2BA485DE004852D0 /* CommunicationsService.swift */ = {isa = PBXFileReference; lastKnownFileType = sourcecode.swift; path = CommunicationsService.swift; sourceTree = "<group>"; };
		6A38D51D2BA485ED004852D0 /* TransactionsService.swift */ = {isa = PBXFileReference; lastKnownFileType = sourcecode.swift; path = TransactionsService.swift; sourceTree = "<group>"; };
		6A40103C2BAB2A0000F8B8BA /* PassModel.swift */ = {isa = PBXFileReference; lastKnownFileType = sourcecode.swift; path = PassModel.swift; sourceTree = "<group>"; };
		6A74A4E62BAA314F00FA33BD /* EOBUploadView.swift */ = {isa = PBXFileReference; lastKnownFileType = sourcecode.swift; path = EOBUploadView.swift; sourceTree = "<group>"; };
		6AAABA832BA206A000B5553F /* ImagePicker.swift */ = {isa = PBXFileReference; lastKnownFileType = sourcecode.swift; path = ImagePicker.swift; sourceTree = "<group>"; };
		6AAABA8B2BA2281300B5553F /* EOBTableView.swift */ = {isa = PBXFileReference; lastKnownFileType = sourcecode.swift; path = EOBTableView.swift; sourceTree = "<group>"; };
		6ACF896B2BAB29A300A079AC /* PassService.swift */ = {isa = PBXFileReference; lastKnownFileType = sourcecode.swift; path = PassService.swift; sourceTree = "<group>"; };
		6AEEBE5C2BA743A70054ECDA /* UploadImageView.swift */ = {isa = PBXFileReference; lastKnownFileType = sourcecode.swift; path = UploadImageView.swift; sourceTree = "<group>"; };
/* End PBXFileReference section */

/* Begin PBXFrameworksBuildPhase section */
		0C4CA71E2BA0E94A0082F8E5 /* Frameworks */ = {
			isa = PBXFrameworksBuildPhase;
			buildActionMask = 2147483647;
			files = (
			);
			runOnlyForDeploymentPostprocessing = 0;
		};
		0C4CA72E2BA0E94B0082F8E5 /* Frameworks */ = {
			isa = PBXFrameworksBuildPhase;
			buildActionMask = 2147483647;
			files = (
			);
			runOnlyForDeploymentPostprocessing = 0;
		};
		0C4CA7382BA0E94B0082F8E5 /* Frameworks */ = {
			isa = PBXFrameworksBuildPhase;
			buildActionMask = 2147483647;
			files = (
			);
			runOnlyForDeploymentPostprocessing = 0;
		};
/* End PBXFrameworksBuildPhase section */

/* Begin PBXGroup section */
		0C4CA7182BA0E94A0082F8E5 = {
			isa = PBXGroup;
			children = (
				0C4CA7232BA0E94A0082F8E5 /* TemplateApp */,
				0C4CA7342BA0E94B0082F8E5 /* TemplateAppTests */,
				0C4CA73E2BA0E94B0082F8E5 /* TemplateAppUITests */,
				0C4CA7222BA0E94A0082F8E5 /* Products */,
			);
			sourceTree = "<group>";
		};
		0C4CA7222BA0E94A0082F8E5 /* Products */ = {
			isa = PBXGroup;
			children = (
				0C4CA7212BA0E94A0082F8E5 /* TemplateApp.app */,
				0C4CA7312BA0E94B0082F8E5 /* TemplateAppTests.xctest */,
				0C4CA73B2BA0E94B0082F8E5 /* TemplateAppUITests.xctest */,
			);
			name = Products;
			sourceTree = "<group>";
		};
		0C4CA7232BA0E94A0082F8E5 /* TemplateApp */ = {
			isa = PBXGroup;
			children = (
				0C7B5A452BA1FB3300DA790C /* Info.plist */,
				0C4CA7502BA0E97D0082F8E5 /* Models */,
				0C4CA74F2BA0E9710082F8E5 /* ViewModels */,
				0C4CA74E2BA0E96A0082F8E5 /* Views */,
				0C4CA7242BA0E94A0082F8E5 /* TemplateApp.swift */,
				0C4CA7282BA0E94B0082F8E5 /* Assets.xcassets */,
				0C4CA72A2BA0E94B0082F8E5 /* Preview Content */,
				0C4CA7512BA0E98C0082F8E5 /* AppService.swift */,
				0C4CA7572BA0EA0E0082F8E5 /* KeychainManager.swift */,
				0C4CA7592BA0EA310082F8E5 /* UserService.swift */,
				6AAABA832BA206A000B5553F /* ImagePicker.swift */,
				6A38D51B2BA485DE004852D0 /* CommunicationsService.swift */,
				6A38D51D2BA485ED004852D0 /* TransactionsService.swift */,
				6ACF896B2BAB29A300A079AC /* PassService.swift */,
				6A2E03B52BA4C81D00E26AB0 /* EOBService.swift */,
			);
			path = TemplateApp;
			sourceTree = "<group>";
		};
		0C4CA72A2BA0E94B0082F8E5 /* Preview Content */ = {
			isa = PBXGroup;
			children = (
				0C4CA72B2BA0E94B0082F8E5 /* Preview Assets.xcassets */,
			);
			path = "Preview Content";
			sourceTree = "<group>";
		};
		0C4CA7342BA0E94B0082F8E5 /* TemplateAppTests */ = {
			isa = PBXGroup;
			children = (
				0C4CA7352BA0E94B0082F8E5 /* TemplateAppTests.swift */,
			);
			path = TemplateAppTests;
			sourceTree = "<group>";
		};
		0C4CA73E2BA0E94B0082F8E5 /* TemplateAppUITests */ = {
			isa = PBXGroup;
			children = (
				0C4CA73F2BA0E94B0082F8E5 /* TemplateAppUITests.swift */,
				0C4CA7412BA0E94B0082F8E5 /* TemplateAppUITestsLaunchTests.swift */,
			);
			path = TemplateAppUITests;
			sourceTree = "<group>";
		};
		0C4CA74E2BA0E96A0082F8E5 /* Views */ = {
			isa = PBXGroup;
			children = (
				0C4CA7532BA0E9CA0082F8E5 /* LoginView.swift */,
				0C4CA7612BA0EC6A0082F8E5 /* LoggedOutHeader.swift */,
				0C4CA7632BA0ECF10082F8E5 /* RegisterView.swift */,
				0C4CA7672BA0ED3A0082F8E5 /* HomeView.swift */,
				0C4CA76B2BA0EF420082F8E5 /* ProfileView.swift */,
				0C4CA76F2BA0EF770082F8E5 /* PageHeading.swift */,
				0C4CA7712BA0EF9A0082F8E5 /* PatientView.swift */,
				0C4CA7732BA0EFA10082F8E5 /* ProviderView.swift */,
				0C4CA7772BA0F0450082F8E5 /* WideCustomRow.swift */,
				0C4CA7792BA0F0720082F8E5 /* EditPatientView.swift */,
				0C4CA77F2BA0F1C40082F8E5 /* EditCareCenterView.swift */,
				0C4CA7812BA0F1CF0082F8E5 /* EditProviderView.swift */,
				0C4CA7872BA0F3920082F8E5 /* EOBView.swift */,
				0C4CA7892BA0F3A30082F8E5 /* CardView.swift */,
				0C4CA78B2BA0F3AF0082F8E5 /* TransactionView.swift */,
				0C4CA78D2BA0F3BB0082F8E5 /* CommunicationsView.swift */,
				0C4CA78F2BA0F4730082F8E5 /* TransactionTable.swift */,
				0C4CA7912BA0F48C0082F8E5 /* TransactionDetailsView.swift */,
				0C4CA7932BA0F5080082F8E5 /* CommunicationsTable.swift */,
				0C4CA7952BA0F6060082F8E5 /* CommunicationsDetailView.swift */,
				0C4CA7992BA0F69F0082F8E5 /* AddPassView.swift */,
				6AAABA8B2BA2281300B5553F /* EOBTableView.swift */,
				6AEEBE5C2BA743A70054ECDA /* UploadImageView.swift */,
				6A74A4E62BAA314F00FA33BD /* EOBUploadView.swift */,
			);
			path = Views;
			sourceTree = "<group>";
		};
		0C4CA74F2BA0E9710082F8E5 /* ViewModels */ = {
			isa = PBXGroup;
			children = (
				0C4CA7552BA0E9E00082F8E5 /* LoginVM.swift */,
				0C4CA7652BA0ED160082F8E5 /* RegisterVM.swift */,
				0C4CA7692BA0ED6B0082F8E5 /* HomeVM.swift */,
				0C4CA76D2BA0EF530082F8E5 /* ProfileVM.swift */,
				0C4CA7752BA0F0250082F8E5 /* PatientVM.swift */,
				0C4CA77B2BA0F0890082F8E5 /* EditPatientVM.swift */,
				0C4CA77D2BA0F1800082F8E5 /* ProviderVM.swift */,
				0C4CA7832BA0F1FF0082F8E5 /* EditCareCenterVM.swift */,
				0C4CA7852BA0F2140082F8E5 /* EditProviderVM.swift */,
				0C4CA7972BA0F66A0082F8E5 /* CardVM.swift */,
				6A2E03B12BA4C56800E26AB0 /* TransactionVM.swift */,
				6A2E03B32BA4C5C400E26AB0 /* CommunicationsVM.swift */,
				6A2E03B92BA4C90800E26AB0 /* EOBVM.swift */,
			);
			path = ViewModels;
			sourceTree = "<group>";
		};
		0C4CA7502BA0E97D0082F8E5 /* Models */ = {
			isa = PBXGroup;
			children = (
				0C4CA75B2BA0EB4E0082F8E5 /* UserModel.swift */,
				6A2E03B72BA4C85300E26AB0 /* EOBModel.swift */,
				0C4CA75D2BA0EB5E0082F8E5 /* StateModel.swift */,
				0C4CA75F2BA0EB6C0082F8E5 /* PatientModel.swift */,
				6A38D5152BA48345004852D0 /* ProviderModel.swift */,
				6A38D5172BA48350004852D0 /* CareCenterModel.swift */,
				6A38D5192BA48392004852D0 /* AddressModel.swift */,
				6A2E03BB2BA4CB7D00E26AB0 /* CommunicationModel.swift */,
				6A2E03BD2BA4CC0000E26AB0 /* TransactionModel.swift */,
				6A40103C2BAB2A0000F8B8BA /* PassModel.swift */,
			);
			path = Models;
			sourceTree = "<group>";
		};
/* End PBXGroup section */

/* Begin PBXNativeTarget section */
		0C4CA7202BA0E94A0082F8E5 /* TemplateApp */ = {
			isa = PBXNativeTarget;
			buildConfigurationList = 0C4CA7452BA0E94B0082F8E5 /* Build configuration list for PBXNativeTarget "TemplateApp" */;
			buildPhases = (
				0C4CA71D2BA0E94A0082F8E5 /* Sources */,
				0C4CA71E2BA0E94A0082F8E5 /* Frameworks */,
				0C4CA71F2BA0E94A0082F8E5 /* Resources */,
			);
			buildRules = (
			);
			dependencies = (
			);
			name = TemplateApp;
			productName = TemplateApp;
			productReference = 0C4CA7212BA0E94A0082F8E5 /* TemplateApp.app */;
			productType = "com.apple.product-type.application";
		};
		0C4CA7302BA0E94B0082F8E5 /* TemplateAppTests */ = {
			isa = PBXNativeTarget;
			buildConfigurationList = 0C4CA7482BA0E94B0082F8E5 /* Build configuration list for PBXNativeTarget "TemplateAppTests" */;
			buildPhases = (
				0C4CA72D2BA0E94B0082F8E5 /* Sources */,
				0C4CA72E2BA0E94B0082F8E5 /* Frameworks */,
				0C4CA72F2BA0E94B0082F8E5 /* Resources */,
			);
			buildRules = (
			);
			dependencies = (
				0C4CA7332BA0E94B0082F8E5 /* PBXTargetDependency */,
			);
			name = TemplateAppTests;
			productName = TemplateAppTests;
			productReference = 0C4CA7312BA0E94B0082F8E5 /* TemplateAppTests.xctest */;
			productType = "com.apple.product-type.bundle.unit-test";
		};
		0C4CA73A2BA0E94B0082F8E5 /* TemplateAppUITests */ = {
			isa = PBXNativeTarget;
			buildConfigurationList = 0C4CA74B2BA0E94B0082F8E5 /* Build configuration list for PBXNativeTarget "TemplateAppUITests" */;
			buildPhases = (
				0C4CA7372BA0E94B0082F8E5 /* Sources */,
				0C4CA7382BA0E94B0082F8E5 /* Frameworks */,
				0C4CA7392BA0E94B0082F8E5 /* Resources */,
			);
			buildRules = (
			);
			dependencies = (
				0C4CA73D2BA0E94B0082F8E5 /* PBXTargetDependency */,
			);
			name = TemplateAppUITests;
			productName = TemplateAppUITests;
			productReference = 0C4CA73B2BA0E94B0082F8E5 /* TemplateAppUITests.xctest */;
			productType = "com.apple.product-type.bundle.ui-testing";
		};
/* End PBXNativeTarget section */

/* Begin PBXProject section */
		0C4CA7192BA0E94A0082F8E5 /* Project object */ = {
			isa = PBXProject;
			attributes = {
				BuildIndependentTargetsInParallel = 1;
				LastSwiftUpdateCheck = 1520;
				LastUpgradeCheck = 1520;
				TargetAttributes = {
					0C4CA7202BA0E94A0082F8E5 = {
						CreatedOnToolsVersion = 15.2;
					};
					0C4CA7302BA0E94B0082F8E5 = {
						CreatedOnToolsVersion = 15.2;
						TestTargetID = 0C4CA7202BA0E94A0082F8E5;
					};
					0C4CA73A2BA0E94B0082F8E5 = {
						CreatedOnToolsVersion = 15.2;
						TestTargetID = 0C4CA7202BA0E94A0082F8E5;
					};
				};
			};
			buildConfigurationList = 0C4CA71C2BA0E94A0082F8E5 /* Build configuration list for PBXProject "TemplateApp" */;
			compatibilityVersion = "Xcode 14.0";
			developmentRegion = en;
			hasScannedForEncodings = 0;
			knownRegions = (
				en,
				Base,
			);
			mainGroup = 0C4CA7182BA0E94A0082F8E5;
			productRefGroup = 0C4CA7222BA0E94A0082F8E5 /* Products */;
			projectDirPath = "";
			projectRoot = "";
			targets = (
				0C4CA7202BA0E94A0082F8E5 /* TemplateApp */,
				0C4CA7302BA0E94B0082F8E5 /* TemplateAppTests */,
				0C4CA73A2BA0E94B0082F8E5 /* TemplateAppUITests */,
			);
		};
/* End PBXProject section */

/* Begin PBXResourcesBuildPhase section */
		0C4CA71F2BA0E94A0082F8E5 /* Resources */ = {
			isa = PBXResourcesBuildPhase;
			buildActionMask = 2147483647;
			files = (
				0C4CA72C2BA0E94B0082F8E5 /* Preview Assets.xcassets in Resources */,
				0C4CA7292BA0E94B0082F8E5 /* Assets.xcassets in Resources */,
			);
			runOnlyForDeploymentPostprocessing = 0;
		};
		0C4CA72F2BA0E94B0082F8E5 /* Resources */ = {
			isa = PBXResourcesBuildPhase;
			buildActionMask = 2147483647;
			files = (
			);
			runOnlyForDeploymentPostprocessing = 0;
		};
		0C4CA7392BA0E94B0082F8E5 /* Resources */ = {
			isa = PBXResourcesBuildPhase;
			buildActionMask = 2147483647;
			files = (
			);
			runOnlyForDeploymentPostprocessing = 0;
		};
/* End PBXResourcesBuildPhase section */

/* Begin PBXSourcesBuildPhase section */
		0C4CA71D2BA0E94A0082F8E5 /* Sources */ = {
			isa = PBXSourcesBuildPhase;
			buildActionMask = 2147483647;
			files = (
				6A38D5162BA48345004852D0 /* ProviderModel.swift in Sources */,
				6AAABA842BA206A000B5553F /* ImagePicker.swift in Sources */,
				6A2E03B62BA4C81D00E26AB0 /* EOBService.swift in Sources */,
				0C4CA7722BA0EF9A0082F8E5 /* PatientView.swift in Sources */,
				0C4CA77E2BA0F1800082F8E5 /* ProviderVM.swift in Sources */,
				0C4CA75A2BA0EA310082F8E5 /* UserService.swift in Sources */,
				0C4CA7822BA0F1CF0082F8E5 /* EditProviderView.swift in Sources */,
				0C4CA78A2BA0F3A30082F8E5 /* CardView.swift in Sources */,
				6AAABA8C2BA2281300B5553F /* EOBTableView.swift in Sources */,
				6A2E03B82BA4C85300E26AB0 /* EOBModel.swift in Sources */,
				0C4CA7682BA0ED3A0082F8E5 /* HomeView.swift in Sources */,
				0C4CA7702BA0EF770082F8E5 /* PageHeading.swift in Sources */,
				0C4CA7622BA0EC6A0082F8E5 /* LoggedOutHeader.swift in Sources */,
				0C4CA75C2BA0EB4E0082F8E5 /* UserModel.swift in Sources */,
				0C4CA7582BA0EA0E0082F8E5 /* KeychainManager.swift in Sources */,
				0C4CA76A2BA0ED6B0082F8E5 /* HomeVM.swift in Sources */,
				6A38D51E2BA485ED004852D0 /* TransactionsService.swift in Sources */,
				0C4CA75E2BA0EB5E0082F8E5 /* StateModel.swift in Sources */,
				0C4CA76C2BA0EF420082F8E5 /* ProfileView.swift in Sources */,
				0C4CA77C2BA0F0890082F8E5 /* EditPatientVM.swift in Sources */,
				0C4CA77A2BA0F0720082F8E5 /* EditPatientView.swift in Sources */,
				0C4CA7522BA0E98C0082F8E5 /* AppService.swift in Sources */,
				6A38D5182BA48350004852D0 /* CareCenterModel.swift in Sources */,
				0C4CA7662BA0ED160082F8E5 /* RegisterVM.swift in Sources */,
				0C4CA7742BA0EFA10082F8E5 /* ProviderView.swift in Sources */,
				6A2E03B42BA4C5C400E26AB0 /* CommunicationsVM.swift in Sources */,
				0C4CA7902BA0F4730082F8E5 /* TransactionTable.swift in Sources */,
				0C4CA7542BA0E9CA0082F8E5 /* LoginView.swift in Sources */,
				6A38D51C2BA485DE004852D0 /* CommunicationsService.swift in Sources */,
				6ACF896C2BAB29A300A079AC /* PassService.swift in Sources */,
				6A2E03BE2BA4CC0000E26AB0 /* TransactionModel.swift in Sources */,
				0C4CA7762BA0F0250082F8E5 /* PatientVM.swift in Sources */,
				0C4CA7252BA0E94A0082F8E5 /* TemplateApp.swift in Sources */,
				6AEEBE5D2BA743A70054ECDA /* UploadImageView.swift in Sources */,
				6A2E03B22BA4C56800E26AB0 /* TransactionVM.swift in Sources */,
				0C4CA7882BA0F3920082F8E5 /* EOBView.swift in Sources */,
				0C4CA7942BA0F5080082F8E5 /* CommunicationsTable.swift in Sources */,
				0C4CA7922BA0F48C0082F8E5 /* TransactionDetailsView.swift in Sources */,
				6A2E03BA2BA4C90800E26AB0 /* EOBVM.swift in Sources */,
				0C4CA7642BA0ECF10082F8E5 /* RegisterView.swift in Sources */,
				0C4CA78E2BA0F3BB0082F8E5 /* CommunicationsView.swift in Sources */,
				6A2E03BC2BA4CB7D00E26AB0 /* CommunicationModel.swift in Sources */,
				6A38D51A2BA48392004852D0 /* AddressModel.swift in Sources */,
				0C4CA7802BA0F1C40082F8E5 /* EditCareCenterView.swift in Sources */,
				0C4CA7562BA0E9E00082F8E5 /* LoginVM.swift in Sources */,
				6A74A4E72BAA314F00FA33BD /* EOBUploadView.swift in Sources */,
				0C4CA76E2BA0EF530082F8E5 /* ProfileVM.swift in Sources */,
				0C4CA7782BA0F0450082F8E5 /* WideCustomRow.swift in Sources */,
				0C4CA78C2BA0F3AF0082F8E5 /* TransactionView.swift in Sources */,
				0C4CA7962BA0F6060082F8E5 /* CommunicationsDetailView.swift in Sources */,
				6A40103D2BAB2A0000F8B8BA /* PassModel.swift in Sources */,
				0C4CA7982BA0F66A0082F8E5 /* CardVM.swift in Sources */,
				0C4CA7842BA0F1FF0082F8E5 /* EditCareCenterVM.swift in Sources */,
				0C4CA79A2BA0F69F0082F8E5 /* AddPassView.swift in Sources */,
				0C4CA7602BA0EB6C0082F8E5 /* PatientModel.swift in Sources */,
				0C4CA7862BA0F2140082F8E5 /* EditProviderVM.swift in Sources */,
			);
			runOnlyForDeploymentPostprocessing = 0;
		};
		0C4CA72D2BA0E94B0082F8E5 /* Sources */ = {
			isa = PBXSourcesBuildPhase;
			buildActionMask = 2147483647;
			files = (
				0C4CA7362BA0E94B0082F8E5 /* TemplateAppTests.swift in Sources */,
			);
			runOnlyForDeploymentPostprocessing = 0;
		};
		0C4CA7372BA0E94B0082F8E5 /* Sources */ = {
			isa = PBXSourcesBuildPhase;
			buildActionMask = 2147483647;
			files = (
				0C4CA7422BA0E94B0082F8E5 /* TemplateAppUITestsLaunchTests.swift in Sources */,
				0C4CA7402BA0E94B0082F8E5 /* TemplateAppUITests.swift in Sources */,
			);
			runOnlyForDeploymentPostprocessing = 0;
		};
/* End PBXSourcesBuildPhase section */

/* Begin PBXTargetDependency section */
		0C4CA7332BA0E94B0082F8E5 /* PBXTargetDependency */ = {
			isa = PBXTargetDependency;
			target = 0C4CA7202BA0E94A0082F8E5 /* TemplateApp */;
			targetProxy = 0C4CA7322BA0E94B0082F8E5 /* PBXContainerItemProxy */;
		};
		0C4CA73D2BA0E94B0082F8E5 /* PBXTargetDependency */ = {
			isa = PBXTargetDependency;
			target = 0C4CA7202BA0E94A0082F8E5 /* TemplateApp */;
			targetProxy = 0C4CA73C2BA0E94B0082F8E5 /* PBXContainerItemProxy */;
		};
/* End PBXTargetDependency section */

/* Begin XCBuildConfiguration section */
		0C4CA7432BA0E94B0082F8E5 /* Debug */ = {
			isa = XCBuildConfiguration;
			buildSettings = {
				ALWAYS_SEARCH_USER_PATHS = NO;
				ASSETCATALOG_COMPILER_GENERATE_SWIFT_ASSET_SYMBOL_EXTENSIONS = YES;
				CLANG_ANALYZER_NONNULL = YES;
				CLANG_ANALYZER_NUMBER_OBJECT_CONVERSION = YES_AGGRESSIVE;
				CLANG_CXX_LANGUAGE_STANDARD = "gnu++20";
				CLANG_ENABLE_MODULES = YES;
				CLANG_ENABLE_OBJC_ARC = YES;
				CLANG_ENABLE_OBJC_WEAK = YES;
				CLANG_WARN_BLOCK_CAPTURE_AUTORELEASING = YES;
				CLANG_WARN_BOOL_CONVERSION = YES;
				CLANG_WARN_COMMA = YES;
				CLANG_WARN_CONSTANT_CONVERSION = YES;
				CLANG_WARN_DEPRECATED_OBJC_IMPLEMENTATIONS = YES;
				CLANG_WARN_DIRECT_OBJC_ISA_USAGE = YES_ERROR;
				CLANG_WARN_DOCUMENTATION_COMMENTS = YES;
				CLANG_WARN_EMPTY_BODY = YES;
				CLANG_WARN_ENUM_CONVERSION = YES;
				CLANG_WARN_INFINITE_RECURSION = YES;
				CLANG_WARN_INT_CONVERSION = YES;
				CLANG_WARN_NON_LITERAL_NULL_CONVERSION = YES;
				CLANG_WARN_OBJC_IMPLICIT_RETAIN_SELF = YES;
				CLANG_WARN_OBJC_LITERAL_CONVERSION = YES;
				CLANG_WARN_OBJC_ROOT_CLASS = YES_ERROR;
				CLANG_WARN_QUOTED_INCLUDE_IN_FRAMEWORK_HEADER = YES;
				CLANG_WARN_RANGE_LOOP_ANALYSIS = YES;
				CLANG_WARN_STRICT_PROTOTYPES = YES;
				CLANG_WARN_SUSPICIOUS_MOVE = YES;
				CLANG_WARN_UNGUARDED_AVAILABILITY = YES_AGGRESSIVE;
				CLANG_WARN_UNREACHABLE_CODE = YES;
				CLANG_WARN__DUPLICATE_METHOD_MATCH = YES;
				COPY_PHASE_STRIP = NO;
				DEBUG_INFORMATION_FORMAT = dwarf;
				ENABLE_STRICT_OBJC_MSGSEND = YES;
				ENABLE_TESTABILITY = YES;
				ENABLE_USER_SCRIPT_SANDBOXING = YES;
				GCC_C_LANGUAGE_STANDARD = gnu17;
				GCC_DYNAMIC_NO_PIC = NO;
				GCC_NO_COMMON_BLOCKS = YES;
				GCC_OPTIMIZATION_LEVEL = 0;
				GCC_PREPROCESSOR_DEFINITIONS = (
					"DEBUG=1",
					"$(inherited)",
				);
				GCC_WARN_64_TO_32_BIT_CONVERSION = YES;
				GCC_WARN_ABOUT_RETURN_TYPE = YES_ERROR;
				GCC_WARN_UNDECLARED_SELECTOR = YES;
				GCC_WARN_UNINITIALIZED_AUTOS = YES_AGGRESSIVE;
				GCC_WARN_UNUSED_FUNCTION = YES;
				GCC_WARN_UNUSED_VARIABLE = YES;
				IPHONEOS_DEPLOYMENT_TARGET = 17.2;
				LOCALIZATION_PREFERS_STRING_CATALOGS = YES;
				MTL_ENABLE_DEBUG_INFO = INCLUDE_SOURCE;
				MTL_FAST_MATH = YES;
				ONLY_ACTIVE_ARCH = YES;
				SDKROOT = iphoneos;
				SWIFT_ACTIVE_COMPILATION_CONDITIONS = "DEBUG $(inherited)";
				SWIFT_OPTIMIZATION_LEVEL = "-Onone";
			};
			name = Debug;
		};
		0C4CA7442BA0E94B0082F8E5 /* Release */ = {
			isa = XCBuildConfiguration;
			buildSettings = {
				ALWAYS_SEARCH_USER_PATHS = NO;
				ASSETCATALOG_COMPILER_GENERATE_SWIFT_ASSET_SYMBOL_EXTENSIONS = YES;
				CLANG_ANALYZER_NONNULL = YES;
				CLANG_ANALYZER_NUMBER_OBJECT_CONVERSION = YES_AGGRESSIVE;
				CLANG_CXX_LANGUAGE_STANDARD = "gnu++20";
				CLANG_ENABLE_MODULES = YES;
				CLANG_ENABLE_OBJC_ARC = YES;
				CLANG_ENABLE_OBJC_WEAK = YES;
				CLANG_WARN_BLOCK_CAPTURE_AUTORELEASING = YES;
				CLANG_WARN_BOOL_CONVERSION = YES;
				CLANG_WARN_COMMA = YES;
				CLANG_WARN_CONSTANT_CONVERSION = YES;
				CLANG_WARN_DEPRECATED_OBJC_IMPLEMENTATIONS = YES;
				CLANG_WARN_DIRECT_OBJC_ISA_USAGE = YES_ERROR;
				CLANG_WARN_DOCUMENTATION_COMMENTS = YES;
				CLANG_WARN_EMPTY_BODY = YES;
				CLANG_WARN_ENUM_CONVERSION = YES;
				CLANG_WARN_INFINITE_RECURSION = YES;
				CLANG_WARN_INT_CONVERSION = YES;
				CLANG_WARN_NON_LITERAL_NULL_CONVERSION = YES;
				CLANG_WARN_OBJC_IMPLICIT_RETAIN_SELF = YES;
				CLANG_WARN_OBJC_LITERAL_CONVERSION = YES;
				CLANG_WARN_OBJC_ROOT_CLASS = YES_ERROR;
				CLANG_WARN_QUOTED_INCLUDE_IN_FRAMEWORK_HEADER = YES;
				CLANG_WARN_RANGE_LOOP_ANALYSIS = YES;
				CLANG_WARN_STRICT_PROTOTYPES = YES;
				CLANG_WARN_SUSPICIOUS_MOVE = YES;
				CLANG_WARN_UNGUARDED_AVAILABILITY = YES_AGGRESSIVE;
				CLANG_WARN_UNREACHABLE_CODE = YES;
				CLANG_WARN__DUPLICATE_METHOD_MATCH = YES;
				COPY_PHASE_STRIP = NO;
				DEBUG_INFORMATION_FORMAT = "dwarf-with-dsym";
				ENABLE_NS_ASSERTIONS = NO;
				ENABLE_STRICT_OBJC_MSGSEND = YES;
				ENABLE_USER_SCRIPT_SANDBOXING = YES;
				GCC_C_LANGUAGE_STANDARD = gnu17;
				GCC_NO_COMMON_BLOCKS = YES;
				GCC_WARN_64_TO_32_BIT_CONVERSION = YES;
				GCC_WARN_ABOUT_RETURN_TYPE = YES_ERROR;
				GCC_WARN_UNDECLARED_SELECTOR = YES;
				GCC_WARN_UNINITIALIZED_AUTOS = YES_AGGRESSIVE;
				GCC_WARN_UNUSED_FUNCTION = YES;
				GCC_WARN_UNUSED_VARIABLE = YES;
				IPHONEOS_DEPLOYMENT_TARGET = 17.2;
				LOCALIZATION_PREFERS_STRING_CATALOGS = YES;
				MTL_ENABLE_DEBUG_INFO = NO;
				MTL_FAST_MATH = YES;
				SDKROOT = iphoneos;
				SWIFT_COMPILATION_MODE = wholemodule;
				VALIDATE_PRODUCT = YES;
			};
			name = Release;
		};
		0C4CA7462BA0E94B0082F8E5 /* Debug */ = {
			isa = XCBuildConfiguration;
			buildSettings = {
				ASSETCATALOG_COMPILER_APPICON_NAME = AppIcon;
				ASSETCATALOG_COMPILER_GLOBAL_ACCENT_COLOR_NAME = AccentColor;
				CODE_SIGN_STYLE = Automatic;
				CURRENT_PROJECT_VERSION = 1;
				DEVELOPMENT_ASSET_PATHS = "\"TemplateApp/Preview Content\"";
				DEVELOPMENT_TEAM = 4BL85T5K7C;
				ENABLE_PREVIEWS = YES;
				GENERATE_INFOPLIST_FILE = YES;
				INFOPLIST_FILE = TemplateApp/Info.plist;
				INFOPLIST_KEY_CFBundleDisplayName = "Template App";
				INFOPLIST_KEY_NSCameraUsageDescription = "Please Allow Access to Camera";
				INFOPLIST_KEY_UIApplicationSceneManifest_Generation = YES;
				INFOPLIST_KEY_UIApplicationSupportsIndirectInputEvents = YES;
				INFOPLIST_KEY_UILaunchScreen_Generation = YES;
				INFOPLIST_KEY_UISupportedInterfaceOrientations = UIInterfaceOrientationPortrait;
				INFOPLIST_KEY_UISupportedInterfaceOrientations_iPad = "UIInterfaceOrientationLandscapeLeft UIInterfaceOrientationLandscapeRight UIInterfaceOrientationPortrait UIInterfaceOrientationPortraitUpsideDown";
				LD_RUNPATH_SEARCH_PATHS = (
					"$(inherited)",
					"@executable_path/Frameworks",
				);
				MARKETING_VERSION = 1.0;
				PRODUCT_BUNDLE_IDENTIFIER = Netswitch.TemplateApp;
				PRODUCT_NAME = "$(TARGET_NAME)";
				SUPPORTED_PLATFORMS = "iphoneos iphonesimulator";
				SUPPORTS_MACCATALYST = NO;
				SUPPORTS_MAC_DESIGNED_FOR_IPHONE_IPAD = NO;
				SUPPORTS_XR_DESIGNED_FOR_IPHONE_IPAD = NO;
				SWIFT_EMIT_LOC_STRINGS = YES;
				SWIFT_VERSION = 5.0;
				TARGETED_DEVICE_FAMILY = 1;
			};
			name = Debug;
		};
		0C4CA7472BA0E94B0082F8E5 /* Release */ = {
			isa = XCBuildConfiguration;
			buildSettings = {
				ASSETCATALOG_COMPILER_APPICON_NAME = AppIcon;
				ASSETCATALOG_COMPILER_GLOBAL_ACCENT_COLOR_NAME = AccentColor;
				CODE_SIGN_STYLE = Automatic;
				CURRENT_PROJECT_VERSION = 1;
				DEVELOPMENT_ASSET_PATHS = "\"TemplateApp/Preview Content\"";
				DEVELOPMENT_TEAM = 4BL85T5K7C;
				ENABLE_PREVIEWS = YES;
				GENERATE_INFOPLIST_FILE = YES;
				INFOPLIST_FILE = TemplateApp/Info.plist;
				INFOPLIST_KEY_CFBundleDisplayName = "Template App";
				INFOPLIST_KEY_NSCameraUsageDescription = "Please Allow Access to Camera";
				INFOPLIST_KEY_UIApplicationSceneManifest_Generation = YES;
				INFOPLIST_KEY_UIApplicationSupportsIndirectInputEvents = YES;
				INFOPLIST_KEY_UILaunchScreen_Generation = YES;
				INFOPLIST_KEY_UISupportedInterfaceOrientations = UIInterfaceOrientationPortrait;
				INFOPLIST_KEY_UISupportedInterfaceOrientations_iPad = "UIInterfaceOrientationLandscapeLeft UIInterfaceOrientationLandscapeRight UIInterfaceOrientationPortrait UIInterfaceOrientationPortraitUpsideDown";
				LD_RUNPATH_SEARCH_PATHS = (
					"$(inherited)",
					"@executable_path/Frameworks",
				);
				MARKETING_VERSION = 1.0;
				PRODUCT_BUNDLE_IDENTIFIER = Netswitch.TemplateApp;
				PRODUCT_NAME = "$(TARGET_NAME)";
				SUPPORTED_PLATFORMS = "iphoneos iphonesimulator";
				SUPPORTS_MACCATALYST = NO;
				SUPPORTS_MAC_DESIGNED_FOR_IPHONE_IPAD = NO;
				SUPPORTS_XR_DESIGNED_FOR_IPHONE_IPAD = NO;
				SWIFT_EMIT_LOC_STRINGS = YES;
				SWIFT_VERSION = 5.0;
				TARGETED_DEVICE_FAMILY = 1;
			};
			name = Release;
		};
		0C4CA7492BA0E94B0082F8E5 /* Debug */ = {
			isa = XCBuildConfiguration;
			buildSettings = {
				ALWAYS_EMBED_SWIFT_STANDARD_LIBRARIES = YES;
				BUNDLE_LOADER = "$(TEST_HOST)";
				CODE_SIGN_STYLE = Automatic;
				CURRENT_PROJECT_VERSION = 1;
				DEVELOPMENT_TEAM = 4BL85T5K7C;
				GENERATE_INFOPLIST_FILE = YES;
				IPHONEOS_DEPLOYMENT_TARGET = 17.2;
				MARKETING_VERSION = 1.0;
				PRODUCT_BUNDLE_IDENTIFIER = Netswitch.TemplateAppTests;
				PRODUCT_NAME = "$(TARGET_NAME)";
				SWIFT_EMIT_LOC_STRINGS = NO;
				SWIFT_VERSION = 5.0;
				TARGETED_DEVICE_FAMILY = "1,2";
				TEST_HOST = "$(BUILT_PRODUCTS_DIR)/TemplateApp.app/$(BUNDLE_EXECUTABLE_FOLDER_PATH)/TemplateApp";
			};
			name = Debug;
		};
		0C4CA74A2BA0E94B0082F8E5 /* Release */ = {
			isa = XCBuildConfiguration;
			buildSettings = {
				ALWAYS_EMBED_SWIFT_STANDARD_LIBRARIES = YES;
				BUNDLE_LOADER = "$(TEST_HOST)";
				CODE_SIGN_STYLE = Automatic;
				CURRENT_PROJECT_VERSION = 1;
				DEVELOPMENT_TEAM = 4BL85T5K7C;
				GENERATE_INFOPLIST_FILE = YES;
				IPHONEOS_DEPLOYMENT_TARGET = 17.2;
				MARKETING_VERSION = 1.0;
				PRODUCT_BUNDLE_IDENTIFIER = Netswitch.TemplateAppTests;
				PRODUCT_NAME = "$(TARGET_NAME)";
				SWIFT_EMIT_LOC_STRINGS = NO;
				SWIFT_VERSION = 5.0;
				TARGETED_DEVICE_FAMILY = "1,2";
				TEST_HOST = "$(BUILT_PRODUCTS_DIR)/TemplateApp.app/$(BUNDLE_EXECUTABLE_FOLDER_PATH)/TemplateApp";
			};
			name = Release;
		};
		0C4CA74C2BA0E94B0082F8E5 /* Debug */ = {
			isa = XCBuildConfiguration;
			buildSettings = {
				ALWAYS_EMBED_SWIFT_STANDARD_LIBRARIES = YES;
				CODE_SIGN_STYLE = Automatic;
				CURRENT_PROJECT_VERSION = 1;
				DEVELOPMENT_TEAM = 4BL85T5K7C;
				GENERATE_INFOPLIST_FILE = YES;
				MARKETING_VERSION = 1.0;
				PRODUCT_BUNDLE_IDENTIFIER = Netswitch.TemplateAppUITests;
				PRODUCT_NAME = "$(TARGET_NAME)";
				SWIFT_EMIT_LOC_STRINGS = NO;
				SWIFT_VERSION = 5.0;
				TARGETED_DEVICE_FAMILY = "1,2";
				TEST_TARGET_NAME = TemplateApp;
			};
			name = Debug;
		};
		0C4CA74D2BA0E94B0082F8E5 /* Release */ = {
			isa = XCBuildConfiguration;
			buildSettings = {
				ALWAYS_EMBED_SWIFT_STANDARD_LIBRARIES = YES;
				CODE_SIGN_STYLE = Automatic;
				CURRENT_PROJECT_VERSION = 1;
				DEVELOPMENT_TEAM = 4BL85T5K7C;
				GENERATE_INFOPLIST_FILE = YES;
				MARKETING_VERSION = 1.0;
				PRODUCT_BUNDLE_IDENTIFIER = Netswitch.TemplateAppUITests;
				PRODUCT_NAME = "$(TARGET_NAME)";
				SWIFT_EMIT_LOC_STRINGS = NO;
				SWIFT_VERSION = 5.0;
				TARGETED_DEVICE_FAMILY = "1,2";
				TEST_TARGET_NAME = TemplateApp;
			};
			name = Release;
		};
/* End XCBuildConfiguration section */

/* Begin XCConfigurationList section */
		0C4CA71C2BA0E94A0082F8E5 /* Build configuration list for PBXProject "TemplateApp" */ = {
			isa = XCConfigurationList;
			buildConfigurations = (
				0C4CA7432BA0E94B0082F8E5 /* Debug */,
				0C4CA7442BA0E94B0082F8E5 /* Release */,
			);
			defaultConfigurationIsVisible = 0;
			defaultConfigurationName = Release;
		};
		0C4CA7452BA0E94B0082F8E5 /* Build configuration list for PBXNativeTarget "TemplateApp" */ = {
			isa = XCConfigurationList;
			buildConfigurations = (
				0C4CA7462BA0E94B0082F8E5 /* Debug */,
				0C4CA7472BA0E94B0082F8E5 /* Release */,
			);
			defaultConfigurationIsVisible = 0;
			defaultConfigurationName = Release;
		};
		0C4CA7482BA0E94B0082F8E5 /* Build configuration list for PBXNativeTarget "TemplateAppTests" */ = {
			isa = XCConfigurationList;
			buildConfigurations = (
				0C4CA7492BA0E94B0082F8E5 /* Debug */,
				0C4CA74A2BA0E94B0082F8E5 /* Release */,
			);
			defaultConfigurationIsVisible = 0;
			defaultConfigurationName = Release;
		};
		0C4CA74B2BA0E94B0082F8E5 /* Build configuration list for PBXNativeTarget "TemplateAppUITests" */ = {
			isa = XCConfigurationList;
			buildConfigurations = (
				0C4CA74C2BA0E94B0082F8E5 /* Debug */,
				0C4CA74D2BA0E94B0082F8E5 /* Release */,
			);
			defaultConfigurationIsVisible = 0;
			defaultConfigurationName = Release;
		};
/* End XCConfigurationList section */
	};
	rootObject = 0C4CA7192BA0E94A0082F8E5 /* Project object */;
}
